
Microsoft Visual Studio Solution File, Format Version 12.00
# Visual Studio 2012
Project("{00D1A9C2-B5F0-4AF3-8072-F6C62B433612}") = "SkillTracker.Database", "..\SkillTracker.Database\SkillTracker.Database.sqlproj", "{B4C70FEB-8087-4B46-A984-0536D0B30C65}"
EndProject
Project("{FAE04EC0-301F-11D3-BF4B-00C04F79EFBC}") = "SkillTracker.DataGenerator", "..\SkillTracker.DataGenerator\SkillTracker.DataGenerator.csproj", "{EF168BBB-1B47-4BB4-B858-9DCD125AC6AB}"
EndProject
Project("{FAE04EC0-301F-11D3-BF4B-00C04F79EFBC}") = "SkillTracker.Data", "..\SkillTracker.Data\SkillTracker.Data.csproj", "{BF38F2DD-4CA9-4DF9-9A3B-3413EE53AB14}"
EndProject
Global
	GlobalSection(SolutionConfigurationPlatforms) = preSolution
		Debug|Any CPU = Debug|Any CPU
		Release|Any CPU = Release|Any CPU
	EndGlobalSection
	GlobalSection(ProjectConfigurationPlatforms) = postSolution
		{B4C70FEB-8087-4B46-A984-0536D0B30C65}.Debug|Any CPU.ActiveCfg = Debug|Any CPU
		{B4C70FEB-8087-4B46-A984-0536D0B30C65}.Debug|Any CPU.Build.0 = Debug|Any CPU
		{B4C70FEB-8087-4B46-A984-0536D0B30C65}.Debug|Any CPU.Deploy.0 = Debug|Any CPU
		{B4C70FEB-8087-4B46-A984-0536D0B30C65}.Release|Any CPU.ActiveCfg = Release|Any CPU
		{B4C70FEB-8087-4B46-A984-0536D0B30C65}.Release|Any CPU.Build.0 = Release|Any CPU
		{B4C70FEB-8087-4B46-A984-0536D0B30C65}.Release|Any CPU.Deploy.0 = Release|Any CPU
		{EF168BBB-1B47-4BB4-B858-9DCD125AC6AB}.Debug|Any CPU.ActiveCfg = Debug|Any CPU
		{EF168BBB-1B47-4BB4-B858-9DCD125AC6AB}.Debug|Any CPU.Build.0 = Debug|Any CPU
		{EF168BBB-1B47-4BB4-B858-9DCD125AC6AB}.Release|Any CPU.ActiveCfg = Release|Any CPU
		{EF168BBB-1B47-4BB4-B858-9DCD125AC6AB}.Release|Any CPU.Build.0 = Release|Any CPU
		{BF38F2DD-4CA9-4DF9-9A3B-3413EE53AB14}.Debug|Any CPU.ActiveCfg = Debug|Any CPU
		{BF38F2DD-4CA9-4DF9-9A3B-3413EE53AB14}.Debug|Any CPU.Build.0 = Debug|Any CPU
		{BF38F2DD-4CA9-4DF9-9A3B-3413EE53AB14}.Release|Any CPU.ActiveCfg = Release|Any CPU
		{BF38F2DD-4CA9-4DF9-9A3B-3413EE53AB14}.Release|Any CPU.Build.0 = Release|Any CPU
	EndGlobalSection
	GlobalSection(SolutionProperties) = preSolution
		HideSolutionNode = FALSE
	EndGlobalSection
EndGlobal
