
Microsoft Visual Studio Solution File, Format Version 11.00
# Visual Studio 2010
Project("{FAE04EC0-301F-11D3-BF4B-00C04F79EFBC}") = "SkillTracker.Data", "SkillTracker.Data.csproj", "{5F46B4B2-1869-4D72-B5A0-0BC324D61F79}"
EndProject
Global
	GlobalSection(SolutionConfigurationPlatforms) = preSolution
		Debug|Any CPU = Debug|Any CPU
		Release|Any CPU = Release|Any CPU
	EndGlobalSection
	GlobalSection(ProjectConfigurationPlatforms) = postSolution
		{5F46B4B2-1869-4D72-B5A0-0BC324D61F79}.Debug|Any CPU.ActiveCfg = Debug|Any CPU
		{5F46B4B2-1869-4D72-B5A0-0BC324D61F79}.Debug|Any CPU.Build.0 = Debug|Any CPU
		{5F46B4B2-1869-4D72-B5A0-0BC324D61F79}.Release|Any CPU.ActiveCfg = Release|Any CPU
		{5F46B4B2-1869-4D72-B5A0-0BC324D61F79}.Release|Any CPU.Build.0 = Release|Any CPU
	EndGlobalSection
	GlobalSection(SolutionProperties) = preSolution
		HideSolutionNode = FALSE
	EndGlobalSection
EndGlobal
